
Microsoft Visual Studio Solution File, Format Version 12.00
# Visual Studio Version 17
VisualStudioVersion = 17.7.34018.315
MinimumVisualStudioVersion = 10.0.40219.1
Project("{9A19103F-16F7-4668-BE54-9A1E7A4F7556}") = "DatabaseInterpreter", "DatabaseInterpreter\DatabaseInterpreter.csproj", "{41E5D1EB-5265-4855-981F-DBF65E44A4F0}"
EndProject
Project("{2150E333-8FDC-42A3-9474-1A3956D46DE8}") = "config", "config", "{606C3065-5D0E-4FD6-BF56-C3FA6255A7B3}"
	ProjectSection(SolutionItems) = preProject
		SqlForDummies.sln.startup.json = SqlForDummies.sln.startup.json
	EndProjectSection
EndProject
Project("{2150E333-8FDC-42A3-9474-1A3956D46DE8}") = "Docker", "Docker", "{505C685C-AB1B-401A-AFD8-6BDE05F50056}"
EndProject
Project("{2150E333-8FDC-42A3-9474-1A3956D46DE8}") = "Tests", "Tests", "{FE2A4807-C387-45C5-A55B-FC44CE03246F}"
EndProject
Project("{9A19103F-16F7-4668-BE54-9A1E7A4F7556}") = "Test.API", "Test.API\Test.API.csproj", "{2FC368C9-B2A1-4468-B9B5-1CCA1EF066A3}"
EndProject
Project("{2150E333-8FDC-42A3-9474-1A3956D46DE8}") = "src", "src", "{A07ACCFB-8398-425C-B800-6B6F1BE2AD38}"
EndProject
Project("{2150E333-8FDC-42A3-9474-1A3956D46DE8}") = "Tools", "Tools", "{C20D13F1-0995-4268-BCA3-B7C456DCB149}"
EndProject
Project("{2150E333-8FDC-42A3-9474-1A3956D46DE8}") = "Shared", "Shared", "{7DAD5E6D-B17B-43F3-B876-8525F9CB2297}"
EndProject
Project("{9A19103F-16F7-4668-BE54-9A1E7A4F7556}") = "API", "Src\API\API.csproj", "{CA754DF2-DAD1-4883-B373-6EC4A7AD8D95}"
EndProject
Project("{9A19103F-16F7-4668-BE54-9A1E7A4F7556}") = "BlazorSql", "Src\BlazorSql\BlazorSql.csproj", "{5F698015-073F-42F7-8678-83A6933858CF}"
EndProject
Project("{FAE04EC0-301F-11D3-BF4B-00C04F79EFBC}") = "SchemaReaderCli", "Tools\SchemaReaderCli\SchemaReaderCli.csproj", "{FAB3C558-C09D-4C84-9324-73288CBEB1D0}"
EndProject
Global
	GlobalSection(SolutionConfigurationPlatforms) = preSolution
		Debug|Any CPU = Debug|Any CPU
		Release|Any CPU = Release|Any CPU
	EndGlobalSection
	GlobalSection(ProjectConfigurationPlatforms) = postSolution
		{41E5D1EB-5265-4855-981F-DBF65E44A4F0}.Debug|Any CPU.ActiveCfg = Debug|Any CPU
		{41E5D1EB-5265-4855-981F-DBF65E44A4F0}.Debug|Any CPU.Build.0 = Debug|Any CPU
		{41E5D1EB-5265-4855-981F-DBF65E44A4F0}.Release|Any CPU.ActiveCfg = Release|Any CPU
		{41E5D1EB-5265-4855-981F-DBF65E44A4F0}.Release|Any CPU.Build.0 = Release|Any CPU
		{2FC368C9-B2A1-4468-B9B5-1CCA1EF066A3}.Debug|Any CPU.ActiveCfg = Debug|Any CPU
		{2FC368C9-B2A1-4468-B9B5-1CCA1EF066A3}.Debug|Any CPU.Build.0 = Debug|Any CPU
		{2FC368C9-B2A1-4468-B9B5-1CCA1EF066A3}.Release|Any CPU.ActiveCfg = Release|Any CPU
		{2FC368C9-B2A1-4468-B9B5-1CCA1EF066A3}.Release|Any CPU.Build.0 = Release|Any CPU
		{CA754DF2-DAD1-4883-B373-6EC4A7AD8D95}.Debug|Any CPU.ActiveCfg = Debug|Any CPU
		{CA754DF2-DAD1-4883-B373-6EC4A7AD8D95}.Debug|Any CPU.Build.0 = Debug|Any CPU
		{CA754DF2-DAD1-4883-B373-6EC4A7AD8D95}.Release|Any CPU.ActiveCfg = Release|Any CPU
		{CA754DF2-DAD1-4883-B373-6EC4A7AD8D95}.Release|Any CPU.Build.0 = Release|Any CPU
		{5F698015-073F-42F7-8678-83A6933858CF}.Debug|Any CPU.ActiveCfg = Debug|Any CPU
		{5F698015-073F-42F7-8678-83A6933858CF}.Debug|Any CPU.Build.0 = Debug|Any CPU
		{5F698015-073F-42F7-8678-83A6933858CF}.Release|Any CPU.ActiveCfg = Release|Any CPU
		{5F698015-073F-42F7-8678-83A6933858CF}.Release|Any CPU.Build.0 = Release|Any CPU
		{FAB3C558-C09D-4C84-9324-73288CBEB1D0}.Debug|Any CPU.ActiveCfg = Debug|Any CPU
		{FAB3C558-C09D-4C84-9324-73288CBEB1D0}.Debug|Any CPU.Build.0 = Debug|Any CPU
		{FAB3C558-C09D-4C84-9324-73288CBEB1D0}.Release|Any CPU.ActiveCfg = Release|Any CPU
		{FAB3C558-C09D-4C84-9324-73288CBEB1D0}.Release|Any CPU.Build.0 = Release|Any CPU
	EndGlobalSection
	GlobalSection(SolutionProperties) = preSolution
		HideSolutionNode = FALSE
	EndGlobalSection
	GlobalSection(NestedProjects) = preSolution
		{41E5D1EB-5265-4855-981F-DBF65E44A4F0} = {7DAD5E6D-B17B-43F3-B876-8525F9CB2297}
		{2FC368C9-B2A1-4468-B9B5-1CCA1EF066A3} = {FE2A4807-C387-45C5-A55B-FC44CE03246F}
		{CA754DF2-DAD1-4883-B373-6EC4A7AD8D95} = {A07ACCFB-8398-425C-B800-6B6F1BE2AD38}
		{5F698015-073F-42F7-8678-83A6933858CF} = {A07ACCFB-8398-425C-B800-6B6F1BE2AD38}
		{FAB3C558-C09D-4C84-9324-73288CBEB1D0} = {C20D13F1-0995-4268-BCA3-B7C456DCB149}
	EndGlobalSection
	GlobalSection(ExtensibilityGlobals) = postSolution
		SolutionGuid = {8E658708-EA5E-4365-A0E6-43CE7A45F9E1}
	EndGlobalSection
EndGlobal
